{
  "name": "ai-startup-coach",
  "lockfileVersion": 3,
  "requires": true,
  "packages": {
    "": {
      "devDependencies": {
        "harness-score": "^1.5.1"
      }
    },
    "node_modules/harness-score": {
      "version": "1.5.1",
      "resolved": "https://registry.npmjs.org/harness-score/-/harness-score-1.5.1.tgz",
      "integrity": "sha512-1c1XgYbg/eSyoGPP5SXT6bzgoQztU20UY96nFLlwda5EE1cDO++NAFzZsw606NCvU4G5/zVskWYKUOEQLBzfLw==",
      "dev": true,
      "license": "MIT",
      "bin": {
        "harness-score": "dist/cli.js"
      },
      "engines": {
        "node": ">=18"
      }
    }
  }
}
